
Microsoft Visual Studio Solution File, Format Version 12.00
# Visual Studio Version 16
VisualStudioVersion = 16.0.29411.108
MinimumVisualStudioVersion = 10.0.40219.1
Project("{8BC9CEB8-8B4A-11D0-8D11-00A0C91BC942}") = "DaybreakSynth-app", "projects\DaybreakSynth-app.vcxproj", "{41785AE4-5B70-4A75-880B-4B418B4E13C6}"
EndProject
Project("{8BC9CEB8-8B4A-11D0-8D11-00A0C91BC942}") = "DaybreakSynth-vst2", "projects\DaybreakSynth-vst2.vcxproj", "{2EB4846A-93E0-43A0-821E-12237105168F}"
EndProject
Project("{8BC9CEB8-8B4A-11D0-8D11-00A0C91BC942}") = "DaybreakSynth-vst3", "projects\DaybreakSynth-vst3.vcxproj", "{079FC65A-F0E5-4E97-B318-A16D1D0B89DF}"
EndProject
Project("{8BC9CEB8-8B4A-11D0-8D11-00A0C91BC942}") = "DaybreakSynth-aax", "projects\DaybreakSynth-aax.vcxproj", "{DC4B5920-933D-4C82-B842-F34431D55A93}"
EndProject
Project("{8BC9CEB8-8B4A-11D0-8D11-00A0C91BC942}") = "Catalyst Engine", "..\..\..\Catalyst-Engine\Engine\Visual Studio Solution\Catalyst Engine\Catalyst Engine\Catalyst Engine.vcxproj", "{46D08F96-EEDA-4C91-8169-55E211129D2A}"
EndProject
Global
	GlobalSection(SolutionConfigurationPlatforms) = preSolution
		Debug|64-Bit = Debug|64-Bit
		Release|64-Bit = Release|64-Bit
		Tracer|64-Bit = Tracer|64-Bit
	EndGlobalSection
	GlobalSection(ProjectConfigurationPlatforms) = postSolution
		{41785AE4-5B70-4A75-880B-4B418B4E13C6}.Debug|64-Bit.ActiveCfg = Debug|x64
		{41785AE4-5B70-4A75-880B-4B418B4E13C6}.Debug|64-Bit.Build.0 = Debug|x64
		{41785AE4-5B70-4A75-880B-4B418B4E13C6}.Release|64-Bit.ActiveCfg = Release|x64
		{41785AE4-5B70-4A75-880B-4B418B4E13C6}.Release|64-Bit.Build.0 = Release|x64
		{41785AE4-5B70-4A75-880B-4B418B4E13C6}.Tracer|64-Bit.ActiveCfg = Debug|x64
		{41785AE4-5B70-4A75-880B-4B418B4E13C6}.Tracer|64-Bit.Build.0 = Debug|x64
		{2EB4846A-93E0-43A0-821E-12237105168F}.Debug|64-Bit.ActiveCfg = Debug|x64
		{2EB4846A-93E0-43A0-821E-12237105168F}.Release|64-Bit.ActiveCfg = Release|x64
		{2EB4846A-93E0-43A0-821E-12237105168F}.Tracer|64-Bit.ActiveCfg = Debug|x64
		{079FC65A-F0E5-4E97-B318-A16D1D0B89DF}.Debug|64-Bit.ActiveCfg = Debug|x64
		{079FC65A-F0E5-4E97-B318-A16D1D0B89DF}.Debug|64-Bit.Build.0 = Debug|x64
		{079FC65A-F0E5-4E97-B318-A16D1D0B89DF}.Release|64-Bit.ActiveCfg = Release|x64
		{079FC65A-F0E5-4E97-B318-A16D1D0B89DF}.Release|64-Bit.Build.0 = Release|x64
		{079FC65A-F0E5-4E97-B318-A16D1D0B89DF}.Tracer|64-Bit.ActiveCfg = Debug|x64
		{079FC65A-F0E5-4E97-B318-A16D1D0B89DF}.Tracer|64-Bit.Build.0 = Debug|x64
		{DC4B5920-933D-4C82-B842-F34431D55A93}.Debug|64-Bit.ActiveCfg = Debug|x64
		{DC4B5920-933D-4C82-B842-F34431D55A93}.Release|64-Bit.ActiveCfg = Release|x64
		{DC4B5920-933D-4C82-B842-F34431D55A93}.Tracer|64-Bit.ActiveCfg = Debug|x64
		{46D08F96-EEDA-4C91-8169-55E211129D2A}.Debug|64-Bit.ActiveCfg = Default|x64
		{46D08F96-EEDA-4C91-8169-55E211129D2A}.Release|64-Bit.ActiveCfg = Default|x64
		{46D08F96-EEDA-4C91-8169-55E211129D2A}.Tracer|64-Bit.ActiveCfg = Default|x64
	EndGlobalSection
	GlobalSection(SolutionProperties) = preSolution
		HideSolutionNode = FALSE
	EndGlobalSection
	GlobalSection(ExtensibilityGlobals) = postSolution
		SolutionGuid = {39C95EA8-A7C1-4EB9-93C3-452C5E54C752}
	EndGlobalSection
EndGlobal
